
Microsoft Visual Studio Solution File, Format Version 12.00
# Visual Studio Version 17
VisualStudioVersion = 17.2.32630.192
MinimumVisualStudioVersion = 10.0.40219.1
Project("{FAE04EC0-301F-11D3-BF4B-00C04F79EFBC}") = "Auction Test Environment", "Auction Test Environment\Auction Test Environment.csproj", "{AC613365-6546-40C7-B45E-24552D0969AE}"
EndProject
Global
	GlobalSection(SolutionConfigurationPlatforms) = preSolution
		Debug|Any CPU = Debug|Any CPU
		Release|Any CPU = Release|Any CPU
	EndGlobalSection
	GlobalSection(ProjectConfigurationPlatforms) = postSolution
		{AC613365-6546-40C7-B45E-24552D0969AE}.Debug|Any CPU.ActiveCfg = Debug|Any CPU
		{AC613365-6546-40C7-B45E-24552D0969AE}.Debug|Any CPU.Build.0 = Debug|Any CPU
		{AC613365-6546-40C7-B45E-24552D0969AE}.Release|Any CPU.ActiveCfg = Release|Any CPU
		{AC613365-6546-40C7-B45E-24552D0969AE}.Release|Any CPU.Build.0 = Release|Any CPU
	EndGlobalSection
	GlobalSection(SolutionProperties) = preSolution
		HideSolutionNode = FALSE
	EndGlobalSection
	GlobalSection(ExtensibilityGlobals) = postSolution
		SolutionGuid = {C3C76336-1280-4DBF-AB03-47C01FE143F6}
	EndGlobalSection
EndGlobal
